
Microsoft Visual Studio Solution File, Format Version 12.00
# Visual Studio 15
VisualStudioVersion = 15.0.26730.16
MinimumVisualStudioVersion = 10.0.40219.1
Project("{FAE04EC0-301F-11D3-BF4B-00C04F79EFBC}") = "EventsAPI", "EventsAPI\EventsAPI.csproj", "{5E4C961D-98A4-4A97-B8E4-DECC5B3ED61A}"
EndProject
Global
	GlobalSection(SolutionConfigurationPlatforms) = preSolution
		Debug|Any CPU = Debug|Any CPU
		Release|Any CPU = Release|Any CPU
	EndGlobalSection
	GlobalSection(ProjectConfigurationPlatforms) = postSolution
		{5E4C961D-98A4-4A97-B8E4-DECC5B3ED61A}.Debug|Any CPU.ActiveCfg = Debug|Any CPU
		{5E4C961D-98A4-4A97-B8E4-DECC5B3ED61A}.Debug|Any CPU.Build.0 = Debug|Any CPU
		{5E4C961D-98A4-4A97-B8E4-DECC5B3ED61A}.Release|Any CPU.ActiveCfg = Release|Any CPU
		{5E4C961D-98A4-4A97-B8E4-DECC5B3ED61A}.Release|Any CPU.Build.0 = Release|Any CPU
	EndGlobalSection
	GlobalSection(SolutionProperties) = preSolution
		HideSolutionNode = FALSE
	EndGlobalSection
	GlobalSection(ExtensibilityGlobals) = postSolution
		SolutionGuid = {1AD03E0C-6965-4E17-8CB0-3F3EE83FDEC9}
	EndGlobalSection
EndGlobal
